
Microsoft Visual Studio Solution File, Format Version 12.00
# Visual Studio Version 17
VisualStudioVersion = 17.4.33213.308
MinimumVisualStudioVersion = 10.0.40219.1
Project("{FAE04EC0-301F-11D3-BF4B-00C04F79EFBC}") = "Calculadora", "Calculadora\Calculadora.csproj", "{17D713AC-925A-4CEB-9706-9125C75E5EFF}"
EndProject
Global
	GlobalSection(SolutionConfigurationPlatforms) = preSolution
		Debug|Any CPU = Debug|Any CPU
		Release|Any CPU = Release|Any CPU
	EndGlobalSection
	GlobalSection(ProjectConfigurationPlatforms) = postSolution
		{17D713AC-925A-4CEB-9706-9125C75E5EFF}.Debug|Any CPU.ActiveCfg = Debug|Any CPU
		{17D713AC-925A-4CEB-9706-9125C75E5EFF}.Debug|Any CPU.Build.0 = Debug|Any CPU
		{17D713AC-925A-4CEB-9706-9125C75E5EFF}.Release|Any CPU.ActiveCfg = Release|Any CPU
		{17D713AC-925A-4CEB-9706-9125C75E5EFF}.Release|Any CPU.Build.0 = Release|Any CPU
	EndGlobalSection
	GlobalSection(SolutionProperties) = preSolution
		HideSolutionNode = FALSE
	EndGlobalSection
	GlobalSection(ExtensibilityGlobals) = postSolution
		SolutionGuid = {189F864D-9699-4DDC-996D-D3CFF8CDFFC9}
	EndGlobalSection
EndGlobal
